
Microsoft Visual Studio Solution File, Format Version 12.00
# Visual Studio Version 16
VisualStudioVersion = 16.0.30803.129
MinimumVisualStudioVersion = 10.0.40219.1
Project("{2150E333-8FDC-42A3-9474-1A3956D46DE8}") = "src", "src", "{05CB6375-FCAA-4644-9F55-F11EE046918B}"
EndProject
Project("{9A19103F-16F7-4668-BE54-9A1E7A4F7556}") = "Common.Core", "src\Common.Core\Common.Core.csproj", "{BFF2BB4B-6903-44EA-AD64-EB190C5C1C47}"
EndProject
Project("{9A19103F-16F7-4668-BE54-9A1E7A4F7556}") = "Common.AspNetCore", "src\Common.AspNetCore\Common.AspNetCore.csproj", "{4B62D46D-5DCD-4F1A-AFDA-11158056EE41}"
EndProject
Project("{2150E333-8FDC-42A3-9474-1A3956D46DE8}") = "benchmark", "benchmark", "{1DE460AB-3B67-4F35-90FC-57C5DD09C495}"
EndProject
Project("{2150E333-8FDC-42A3-9474-1A3956D46DE8}") = "test", "test", "{417281BC-0BE5-41B7-AF87-06A28E09117A}"
EndProject
Project("{9A19103F-16F7-4668-BE54-9A1E7A4F7556}") = "Common.Core.Tests", "test\Common.Core.Tests\Common.Core.Tests.csproj", "{410FB3E0-7CDB-4ED6-B53F-287E0A346331}"
EndProject
Project("{9A19103F-16F7-4668-BE54-9A1E7A4F7556}") = "Common.AspNetCore.Tests", "test\Common.AspNetCore.Tests\Common.AspNetCore.Tests.csproj", "{734860F9-A68D-40FF-9AAC-100B698F232A}"
EndProject
Project("{FAE04EC0-301F-11D3-BF4B-00C04F79EFBC}") = "Common.EFCore", "src\Common.EFCore\Common.EFCore.csproj", "{DC70B290-744E-48DD-9E97-A759C3199E6D}"
EndProject
Global
	GlobalSection(SolutionConfigurationPlatforms) = preSolution
		Debug|Any CPU = Debug|Any CPU
		Release|Any CPU = Release|Any CPU
	EndGlobalSection
	GlobalSection(ProjectConfigurationPlatforms) = postSolution
		{BFF2BB4B-6903-44EA-AD64-EB190C5C1C47}.Debug|Any CPU.ActiveCfg = Debug|Any CPU
		{BFF2BB4B-6903-44EA-AD64-EB190C5C1C47}.Debug|Any CPU.Build.0 = Debug|Any CPU
		{BFF2BB4B-6903-44EA-AD64-EB190C5C1C47}.Release|Any CPU.ActiveCfg = Release|Any CPU
		{BFF2BB4B-6903-44EA-AD64-EB190C5C1C47}.Release|Any CPU.Build.0 = Release|Any CPU
		{4B62D46D-5DCD-4F1A-AFDA-11158056EE41}.Debug|Any CPU.ActiveCfg = Debug|Any CPU
		{4B62D46D-5DCD-4F1A-AFDA-11158056EE41}.Debug|Any CPU.Build.0 = Debug|Any CPU
		{4B62D46D-5DCD-4F1A-AFDA-11158056EE41}.Release|Any CPU.ActiveCfg = Release|Any CPU
		{4B62D46D-5DCD-4F1A-AFDA-11158056EE41}.Release|Any CPU.Build.0 = Release|Any CPU
		{410FB3E0-7CDB-4ED6-B53F-287E0A346331}.Debug|Any CPU.ActiveCfg = Debug|Any CPU
		{410FB3E0-7CDB-4ED6-B53F-287E0A346331}.Debug|Any CPU.Build.0 = Debug|Any CPU
		{410FB3E0-7CDB-4ED6-B53F-287E0A346331}.Release|Any CPU.ActiveCfg = Release|Any CPU
		{410FB3E0-7CDB-4ED6-B53F-287E0A346331}.Release|Any CPU.Build.0 = Release|Any CPU
		{734860F9-A68D-40FF-9AAC-100B698F232A}.Debug|Any CPU.ActiveCfg = Debug|Any CPU
		{734860F9-A68D-40FF-9AAC-100B698F232A}.Debug|Any CPU.Build.0 = Debug|Any CPU
		{734860F9-A68D-40FF-9AAC-100B698F232A}.Release|Any CPU.ActiveCfg = Release|Any CPU
		{734860F9-A68D-40FF-9AAC-100B698F232A}.Release|Any CPU.Build.0 = Release|Any CPU
		{DC70B290-744E-48DD-9E97-A759C3199E6D}.Debug|Any CPU.ActiveCfg = Debug|Any CPU
		{DC70B290-744E-48DD-9E97-A759C3199E6D}.Debug|Any CPU.Build.0 = Debug|Any CPU
		{DC70B290-744E-48DD-9E97-A759C3199E6D}.Release|Any CPU.ActiveCfg = Release|Any CPU
		{DC70B290-744E-48DD-9E97-A759C3199E6D}.Release|Any CPU.Build.0 = Release|Any CPU
	EndGlobalSection
	GlobalSection(SolutionProperties) = preSolution
		HideSolutionNode = FALSE
	EndGlobalSection
	GlobalSection(NestedProjects) = preSolution
		{BFF2BB4B-6903-44EA-AD64-EB190C5C1C47} = {05CB6375-FCAA-4644-9F55-F11EE046918B}
		{4B62D46D-5DCD-4F1A-AFDA-11158056EE41} = {05CB6375-FCAA-4644-9F55-F11EE046918B}
		{410FB3E0-7CDB-4ED6-B53F-287E0A346331} = {417281BC-0BE5-41B7-AF87-06A28E09117A}
		{734860F9-A68D-40FF-9AAC-100B698F232A} = {417281BC-0BE5-41B7-AF87-06A28E09117A}
		{DC70B290-744E-48DD-9E97-A759C3199E6D} = {05CB6375-FCAA-4644-9F55-F11EE046918B}
	EndGlobalSection
	GlobalSection(ExtensibilityGlobals) = postSolution
		SolutionGuid = {1C34FE30-6024-40A3-A343-52EA484C9534}
	EndGlobalSection
EndGlobal
