
Microsoft Visual Studio Solution File, Format Version 12.00
# Visual Studio Version 16
VisualStudioVersion = 16.0.30803.129
MinimumVisualStudioVersion = 10.0.40219.1
Project("{9A19103F-16F7-4668-BE54-9A1E7A4F7556}") = "Common.Core", "Common.Core\Common.Core.csproj", "{C852C053-5DB0-418C-ACC4-CE2CFFE30DC1}"
EndProject
Project("{9A19103F-16F7-4668-BE54-9A1E7A4F7556}") = "Common.Core.Test", "Common.Core.Test\Common.Core.Test.csproj", "{EAAA6CC7-B0BC-4AB6-9F91-D845A8DB7B61}"
EndProject
Project("{FAE04EC0-301F-11D3-BF4B-00C04F79EFBC}") = "Common.AspNetCore", "Common.AspNetCore\Common.AspNetCore.csproj", "{874776B1-B2BE-49D1-9E0B-7D4D73D6DF1A}"
EndProject
Project("{FAE04EC0-301F-11D3-BF4B-00C04F79EFBC}") = "Common.AspNetCore.Test", "Common.AspNetCore.Test\Common.AspNetCore.Test.csproj", "{E9B9FEEB-F791-40AA-9CBC-903C96A0B2A0}"
EndProject
Global
	GlobalSection(SolutionConfigurationPlatforms) = preSolution
		Debug|Any CPU = Debug|Any CPU
		Release|Any CPU = Release|Any CPU
	EndGlobalSection
	GlobalSection(ProjectConfigurationPlatforms) = postSolution
		{C852C053-5DB0-418C-ACC4-CE2CFFE30DC1}.Debug|Any CPU.ActiveCfg = Debug|Any CPU
		{C852C053-5DB0-418C-ACC4-CE2CFFE30DC1}.Debug|Any CPU.Build.0 = Debug|Any CPU
		{C852C053-5DB0-418C-ACC4-CE2CFFE30DC1}.Release|Any CPU.ActiveCfg = Release|Any CPU
		{C852C053-5DB0-418C-ACC4-CE2CFFE30DC1}.Release|Any CPU.Build.0 = Release|Any CPU
		{EAAA6CC7-B0BC-4AB6-9F91-D845A8DB7B61}.Debug|Any CPU.ActiveCfg = Debug|Any CPU
		{EAAA6CC7-B0BC-4AB6-9F91-D845A8DB7B61}.Debug|Any CPU.Build.0 = Debug|Any CPU
		{EAAA6CC7-B0BC-4AB6-9F91-D845A8DB7B61}.Release|Any CPU.ActiveCfg = Release|Any CPU
		{EAAA6CC7-B0BC-4AB6-9F91-D845A8DB7B61}.Release|Any CPU.Build.0 = Release|Any CPU
		{874776B1-B2BE-49D1-9E0B-7D4D73D6DF1A}.Debug|Any CPU.ActiveCfg = Debug|Any CPU
		{874776B1-B2BE-49D1-9E0B-7D4D73D6DF1A}.Debug|Any CPU.Build.0 = Debug|Any CPU
		{874776B1-B2BE-49D1-9E0B-7D4D73D6DF1A}.Release|Any CPU.ActiveCfg = Release|Any CPU
		{874776B1-B2BE-49D1-9E0B-7D4D73D6DF1A}.Release|Any CPU.Build.0 = Release|Any CPU
		{E9B9FEEB-F791-40AA-9CBC-903C96A0B2A0}.Debug|Any CPU.ActiveCfg = Debug|Any CPU
		{E9B9FEEB-F791-40AA-9CBC-903C96A0B2A0}.Debug|Any CPU.Build.0 = Debug|Any CPU
		{E9B9FEEB-F791-40AA-9CBC-903C96A0B2A0}.Release|Any CPU.ActiveCfg = Release|Any CPU
		{E9B9FEEB-F791-40AA-9CBC-903C96A0B2A0}.Release|Any CPU.Build.0 = Release|Any CPU
	EndGlobalSection
	GlobalSection(SolutionProperties) = preSolution
		HideSolutionNode = FALSE
	EndGlobalSection
	GlobalSection(ExtensibilityGlobals) = postSolution
		SolutionGuid = {1C34FE30-6024-40A3-A343-52EA484C9534}
	EndGlobalSection
EndGlobal
